// !$*UTF8*$!
{
	archiveVersion = 1;
	classes = {
	};
	objectVersion = 48;
	objects = {

/* Begin PBXBuildFile section */
		4118981BB2718A39FE0CA4E7 /* Pods_MovieDemo.framework in Frameworks */ = {isa = PBXBuildFile; fileRef = 7E882D3A3DB4F36ADD1C82FA /* Pods_MovieDemo.framework */; };
		8784F24620C6DB6E00EC8CAE /* AppDelegate.swift in Sources */ = {isa = PBXBuildFile; fileRef = 8784F24520C6DB6E00EC8CAE /* AppDelegate.swift */; };
		8784F24B20C6DB6E00EC8CAE /* Main.storyboard in Resources */ = {isa = PBXBuildFile; fileRef = 8784F24920C6DB6E00EC8CAE /* Main.storyboard */; };
		8784F24D20C6DB6E00EC8CAE /* Assets.xcassets in Resources */ = {isa = PBXBuildFile; fileRef = 8784F24C20C6DB6E00EC8CAE /* Assets.xcassets */; };
		8784F25020C6DB6E00EC8CAE /* LaunchScreen.storyboard in Resources */ = {isa = PBXBuildFile; fileRef = 8784F24E20C6DB6E00EC8CAE /* LaunchScreen.storyboard */; };
		8784F26020C6FC6D00EC8CAE /* HttpRequest.swift in Sources */ = {isa = PBXBuildFile; fileRef = 8784F25E20C6FC6D00EC8CAE /* HttpRequest.swift */; };
		8784F26220C6FC9800EC8CAE /* Extensions.swift in Sources */ = {isa = PBXBuildFile; fileRef = 8784F26120C6FC9800EC8CAE /* Extensions.swift */; };
		8784F27B20C70AB700EC8CAE /* HomeCollectionViewCell.swift in Sources */ = {isa = PBXBuildFile; fileRef = 8784F27520C70AB600EC8CAE /* HomeCollectionViewCell.swift */; };
		8784F27C20C70AB700EC8CAE /* HomeCollectionViewCell.xib in Resources */ = {isa = PBXBuildFile; fileRef = 8784F27620C70AB600EC8CAE /* HomeCollectionViewCell.xib */; };
		8784F27D20C70AB700EC8CAE /* HomeViewController.swift in Sources */ = {isa = PBXBuildFile; fileRef = 8784F27720C70AB600EC8CAE /* HomeViewController.swift */; };
		8784F27E20C70AB700EC8CAE /* SplashViewController.swift in Sources */ = {isa = PBXBuildFile; fileRef = 8784F27920C70AB600EC8CAE /* SplashViewController.swift */; };
		8784F28220C70B8F00EC8CAE /* HomePresenter.swift in Sources */ = {isa = PBXBuildFile; fileRef = 8784F28120C70B8F00EC8CAE /* HomePresenter.swift */; };
/* End PBXBuildFile section */

/* Begin PBXFileReference section */
		4313C1BE6E426DDABA43B048 /* Pods-MovieDemo.debug.xcconfig */ = {isa = PBXFileReference; includeInIndex = 1; lastKnownFileType = text.xcconfig; name = "Pods-MovieDemo.debug.xcconfig"; path = "Pods/Target Support Files/Pods-MovieDemo/Pods-MovieDemo.debug.xcconfig"; sourceTree = "<group>"; };
		7E882D3A3DB4F36ADD1C82FA /* Pods_MovieDemo.framework */ = {isa = PBXFileReference; explicitFileType = wrapper.framework; includeInIndex = 0; path = Pods_MovieDemo.framework; sourceTree = BUILT_PRODUCTS_DIR; };
		8784F24220C6DB6E00EC8CAE /* MovieDemo.app */ = {isa = PBXFileReference; explicitFileType = wrapper.application; includeInIndex = 0; path = MovieDemo.app; sourceTree = BUILT_PRODUCTS_DIR; };
		8784F24520C6DB6E00EC8CAE /* AppDelegate.swift */ = {isa = PBXFileReference; lastKnownFileType = sourcecode.swift; path = AppDelegate.swift; sourceTree = "<group>"; };
		8784F24A20C6DB6E00EC8CAE /* Base */ = {isa = PBXFileReference; lastKnownFileType = file.storyboard; name = Base; path = Base.lproj/Main.storyboard; sourceTree = "<group>"; };
		8784F24C20C6DB6E00EC8CAE /* Assets.xcassets */ = {isa = PBXFileReference; lastKnownFileType = folder.assetcatalog; path = Assets.xcassets; sourceTree = "<group>"; };
		8784F24F20C6DB6E00EC8CAE /* Base */ = {isa = PBXFileReference; lastKnownFileType = file.storyboard; name = Base; path = Base.lproj/LaunchScreen.storyboard; sourceTree = "<group>"; };
		8784F25120C6DB6E00EC8CAE /* Info.plist */ = {isa = PBXFileReference; lastKnownFileType = text.plist.xml; path = Info.plist; sourceTree = "<group>"; };
		8784F25E20C6FC6D00EC8CAE /* HttpRequest.swift */ = {isa = PBXFileReference; fileEncoding = 4; lastKnownFileType = sourcecode.swift; path = HttpRequest.swift; sourceTree = "<group>"; };
		8784F26120C6FC9800EC8CAE /* Extensions.swift */ = {isa = PBXFileReference; fileEncoding = 4; lastKnownFileType = sourcecode.swift; path = Extensions.swift; sourceTree = "<group>"; };
		8784F27520C70AB600EC8CAE /* HomeCollectionViewCell.swift */ = {isa = PBXFileReference; fileEncoding = 4; lastKnownFileType = sourcecode.swift; path = HomeCollectionViewCell.swift; sourceTree = "<group>"; };
		8784F27620C70AB600EC8CAE /* HomeCollectionViewCell.xib */ = {isa = PBXFileReference; fileEncoding = 4; lastKnownFileType = file.xib; path = HomeCollectionViewCell.xib; sourceTree = "<group>"; };
		8784F27720C70AB600EC8CAE /* HomeViewController.swift */ = {isa = PBXFileReference; fileEncoding = 4; lastKnownFileType = sourcecode.swift; path = HomeViewController.swift; sourceTree = "<group>"; };
		8784F27920C70AB600EC8CAE /* SplashViewController.swift */ = {isa = PBXFileReference; fileEncoding = 4; lastKnownFileType = sourcecode.swift; path = SplashViewController.swift; sourceTree = "<group>"; };
		8784F28120C70B8F00EC8CAE /* HomePresenter.swift */ = {isa = PBXFileReference; lastKnownFileType = sourcecode.swift; path = HomePresenter.swift; sourceTree = "<group>"; };
		8B1F1CF2346BFB22B41F384C /* Pods-MovieDemo.release.xcconfig */ = {isa = PBXFileReference; includeInIndex = 1; lastKnownFileType = text.xcconfig; name = "Pods-MovieDemo.release.xcconfig"; path = "Pods/Target Support Files/Pods-MovieDemo/Pods-MovieDemo.release.xcconfig"; sourceTree = "<group>"; };
/* End PBXFileReference section */

/* Begin PBXFrameworksBuildPhase section */
		8784F23F20C6DB6E00EC8CAE /* Frameworks */ = {
			isa = PBXFrameworksBuildPhase;
			buildActionMask = 2147483647;
			files = (
				4118981BB2718A39FE0CA4E7 /* Pods_MovieDemo.framework in Frameworks */,
			);
			runOnlyForDeploymentPostprocessing = 0;
		};
/* End PBXFrameworksBuildPhase section */

/* Begin PBXGroup section */
		29785063A03090C33217729D /* Frameworks */ = {
			isa = PBXGroup;
			children = (
				7E882D3A3DB4F36ADD1C82FA /* Pods_MovieDemo.framework */,
			);
			name = Frameworks;
			sourceTree = "<group>";
		};
		8784F23920C6DB6E00EC8CAE = {
			isa = PBXGroup;
			children = (
				8784F24420C6DB6E00EC8CAE /* MovieDemo */,
				8784F24320C6DB6E00EC8CAE /* Products */,
				C5000E78C038613E22E5CCCD /* Pods */,
				29785063A03090C33217729D /* Frameworks */,
			);
			sourceTree = "<group>";
		};
		8784F24320C6DB6E00EC8CAE /* Products */ = {
			isa = PBXGroup;
			children = (
				8784F24220C6DB6E00EC8CAE /* MovieDemo.app */,
			);
			name = Products;
			sourceTree = "<group>";
		};
		8784F24420C6DB6E00EC8CAE /* MovieDemo */ = {
			isa = PBXGroup;
			children = (
				8784F26D20C70A5000EC8CAE /* App Core */,
				8784F24520C6DB6E00EC8CAE /* AppDelegate.swift */,
				8784F24C20C6DB6E00EC8CAE /* Assets.xcassets */,
				8784F25120C6DB6E00EC8CAE /* Info.plist */,
			);
			path = MovieDemo;
			sourceTree = "<group>";
		};
		8784F25D20C6FC6D00EC8CAE /* Network */ = {
			isa = PBXGroup;
			children = (
				8784F25E20C6FC6D00EC8CAE /* HttpRequest.swift */,
			);
			path = Network;
			sourceTree = "<group>";
		};
		8784F25F20C6FC6D00EC8CAE /* Helper */ = {
			isa = PBXGroup;
			children = (
				8784F26120C6FC9800EC8CAE /* Extensions.swift */,
			);
			path = Helper;
			sourceTree = "<group>";
		};
		8784F26D20C70A5000EC8CAE /* App Core */ = {
			isa = PBXGroup;
			children = (
				8784F26E20C70A6C00EC8CAE /* StoryBoard */,
				8784F25D20C6FC6D00EC8CAE /* Network */,
				8784F26F20C70AB600EC8CAE /* Controllers */,
				8784F25F20C6FC6D00EC8CAE /* Helper */,
			);
			path = "App Core";
			sourceTree = "<group>";
		};
		8784F26E20C70A6C00EC8CAE /* StoryBoard */ = {
			isa = PBXGroup;
			children = (
				8784F24920C6DB6E00EC8CAE /* Main.storyboard */,
				8784F24E20C6DB6E00EC8CAE /* LaunchScreen.storyboard */,
			);
			path = StoryBoard;
			sourceTree = "<group>";
		};
		8784F26F20C70AB600EC8CAE /* Controllers */ = {
			isa = PBXGroup;
			children = (
				8784F27820C70AB600EC8CAE /* Splash */,
				8784F27320C70AB600EC8CAE /* Home */,
			);
			path = Controllers;
			sourceTree = "<group>";
		};
		8784F27320C70AB600EC8CAE /* Home */ = {
			isa = PBXGroup;
			children = (
				8784F28020C70B1E00EC8CAE /* Presenter */,
				8784F27F20C70B1400EC8CAE /* View */,
			);
			path = Home;
			sourceTree = "<group>";
		};
		8784F27420C70AB600EC8CAE /* CollectionCell */ = {
			isa = PBXGroup;
			children = (
				8784F27520C70AB600EC8CAE /* HomeCollectionViewCell.swift */,
				8784F27620C70AB600EC8CAE /* HomeCollectionViewCell.xib */,
			);
			path = CollectionCell;
			sourceTree = "<group>";
		};
		8784F27820C70AB600EC8CAE /* Splash */ = {
			isa = PBXGroup;
			children = (
				8784F27920C70AB600EC8CAE /* SplashViewController.swift */,
			);
			path = Splash;
			sourceTree = "<group>";
		};
		8784F27F20C70B1400EC8CAE /* View */ = {
			isa = PBXGroup;
			children = (
				8784F27420C70AB600EC8CAE /* CollectionCell */,
				8784F27720C70AB600EC8CAE /* HomeViewController.swift */,
			);
			path = View;
			sourceTree = "<group>";
		};
		8784F28020C70B1E00EC8CAE /* Presenter */ = {
			isa = PBXGroup;
			children = (
				8784F28120C70B8F00EC8CAE /* HomePresenter.swift */,
			);
			path = Presenter;
			sourceTree = "<group>";
		};
		C5000E78C038613E22E5CCCD /* Pods */ = {
			isa = PBXGroup;
			children = (
				4313C1BE6E426DDABA43B048 /* Pods-MovieDemo.debug.xcconfig */,
				8B1F1CF2346BFB22B41F384C /* Pods-MovieDemo.release.xcconfig */,
			);
			name = Pods;
			sourceTree = "<group>";
		};
/* End PBXGroup section */

/* Begin PBXNativeTarget section */
		8784F24120C6DB6E00EC8CAE /* MovieDemo */ = {
			isa = PBXNativeTarget;
			buildConfigurationList = 8784F25420C6DB6E00EC8CAE /* Build configuration list for PBXNativeTarget "MovieDemo" */;
			buildPhases = (
				C7B3ACD6CE0C56206B6ECBB1 /* [CP] Check Pods Manifest.lock */,
				8784F23E20C6DB6E00EC8CAE /* Sources */,
				8784F23F20C6DB6E00EC8CAE /* Frameworks */,
				8784F24020C6DB6E00EC8CAE /* Resources */,
				75D6E30C311880DE9AF7559E /* [CP] Embed Pods Frameworks */,
				49C6B80160AC4750E0A383BF /* [CP] Copy Pods Resources */,
			);
			buildRules = (
			);
			dependencies = (
			);
			name = MovieDemo;
			productName = MovieDemo;
			productReference = 8784F24220C6DB6E00EC8CAE /* MovieDemo.app */;
			productType = "com.apple.product-type.application";
		};
/* End PBXNativeTarget section */

/* Begin PBXProject section */
		8784F23A20C6DB6E00EC8CAE /* Project object */ = {
			isa = PBXProject;
			attributes = {
				LastSwiftUpdateCheck = 0920;
				LastUpgradeCheck = 0920;
				ORGANIZATIONNAME = "Ritu Garodia";
				TargetAttributes = {
					8784F24120C6DB6E00EC8CAE = {
						CreatedOnToolsVersion = 9.2;
						ProvisioningStyle = Automatic;
					};
				};
			};
			buildConfigurationList = 8784F23D20C6DB6E00EC8CAE /* Build configuration list for PBXProject "MovieDemo" */;
			compatibilityVersion = "Xcode 8.0";
			developmentRegion = en;
			hasScannedForEncodings = 0;
			knownRegions = (
				en,
				Base,
			);
			mainGroup = 8784F23920C6DB6E00EC8CAE;
			productRefGroup = 8784F24320C6DB6E00EC8CAE /* Products */;
			projectDirPath = "";
			projectRoot = "";
			targets = (
				8784F24120C6DB6E00EC8CAE /* MovieDemo */,
			);
		};
/* End PBXProject section */

/* Begin PBXResourcesBuildPhase section */
		8784F24020C6DB6E00EC8CAE /* Resources */ = {
			isa = PBXResourcesBuildPhase;
			buildActionMask = 2147483647;
			files = (
				8784F27C20C70AB700EC8CAE /* HomeCollectionViewCell.xib in Resources */,
				8784F25020C6DB6E00EC8CAE /* LaunchScreen.storyboard in Resources */,
				8784F24D20C6DB6E00EC8CAE /* Assets.xcassets in Resources */,
				8784F24B20C6DB6E00EC8CAE /* Main.storyboard in Resources */,
			);
			runOnlyForDeploymentPostprocessing = 0;
		};
/* End PBXResourcesBuildPhase section */

/* Begin PBXShellScriptBuildPhase section */
		49C6B80160AC4750E0A383BF /* [CP] Copy Pods Resources */ = {
			isa = PBXShellScriptBuildPhase;
			buildActionMask = 2147483647;
			files = (
			);
			inputPaths = (
			);
			name = "[CP] Copy Pods Resources";
			outputPaths = (
			);
			runOnlyForDeploymentPostprocessing = 0;
			shellPath = /bin/sh;
			shellScript = "\"${SRCROOT}/Pods/Target Support Files/Pods-MovieDemo/Pods-MovieDemo-resources.sh\"\n";
			showEnvVarsInLog = 0;
		};
		75D6E30C311880DE9AF7559E /* [CP] Embed Pods Frameworks */ = {
			isa = PBXShellScriptBuildPhase;
			buildActionMask = 2147483647;
			files = (
			);
			inputPaths = (
				"${SRCROOT}/Pods/Target Support Files/Pods-MovieDemo/Pods-MovieDemo-frameworks.sh",
				"${BUILT_PRODUCTS_DIR}/SVProgressHUD/SVProgressHUD.framework",
			);
			name = "[CP] Embed Pods Frameworks";
			outputPaths = (
				"${TARGET_BUILD_DIR}/${FRAMEWORKS_FOLDER_PATH}/SVProgressHUD.framework",
			);
			runOnlyForDeploymentPostprocessing = 0;
			shellPath = /bin/sh;
			shellScript = "\"${SRCROOT}/Pods/Target Support Files/Pods-MovieDemo/Pods-MovieDemo-frameworks.sh\"\n";
			showEnvVarsInLog = 0;
		};
		C7B3ACD6CE0C56206B6ECBB1 /* [CP] Check Pods Manifest.lock */ = {
			isa = PBXShellScriptBuildPhase;
			buildActionMask = 2147483647;
			files = (
			);
			inputPaths = (
				"${PODS_PODFILE_DIR_PATH}/Podfile.lock",
				"${PODS_ROOT}/Manifest.lock",
			);
			name = "[CP] Check Pods Manifest.lock";
			outputPaths = (
				"$(DERIVED_FILE_DIR)/Pods-MovieDemo-checkManifestLockResult.txt",
			);
			runOnlyForDeploymentPostprocessing = 0;
			shellPath = /bin/sh;
			shellScript = "diff \"${PODS_PODFILE_DIR_PATH}/Podfile.lock\" \"${PODS_ROOT}/Manifest.lock\" > /dev/null\nif [ $? != 0 ] ; then\n    # print error to STDERR\n    echo \"error: The sandbox is not in sync with the Podfile.lock. Run 'pod install' or update your CocoaPods installation.\" >&2\n    exit 1\nfi\n# This output is used by Xcode 'outputs' to avoid re-running this script phase.\necho \"SUCCESS\" > \"${SCRIPT_OUTPUT_FILE_0}\"\n";
			showEnvVarsInLog = 0;
		};
/* End PBXShellScriptBuildPhase section */

/* Begin PBXSourcesBuildPhase section */
		8784F23E20C6DB6E00EC8CAE /* Sources */ = {
			isa = PBXSourcesBuildPhase;
			buildActionMask = 2147483647;
			files = (
				8784F28220C70B8F00EC8CAE /* HomePresenter.swift in Sources */,
				8784F27B20C70AB700EC8CAE /* HomeCollectionViewCell.swift in Sources */,
				8784F24620C6DB6E00EC8CAE /* AppDelegate.swift in Sources */,
				8784F26020C6FC6D00EC8CAE /* HttpRequest.swift in Sources */,
				8784F27E20C70AB700EC8CAE /* SplashViewController.swift in Sources */,
				8784F27D20C70AB700EC8CAE /* HomeViewController.swift in Sources */,
				8784F26220C6FC9800EC8CAE /* Extensions.swift in Sources */,
			);
			runOnlyForDeploymentPostprocessing = 0;
		};
/* End PBXSourcesBuildPhase section */

/* Begin PBXVariantGroup section */
		8784F24920C6DB6E00EC8CAE /* Main.storyboard */ = {
			isa = PBXVariantGroup;
			children = (
				8784F24A20C6DB6E00EC8CAE /* Base */,
			);
			name = Main.storyboard;
			sourceTree = "<group>";
		};
		8784F24E20C6DB6E00EC8CAE /* LaunchScreen.storyboard */ = {
			isa = PBXVariantGroup;
			children = (
				8784F24F20C6DB6E00EC8CAE /* Base */,
			);
			name = LaunchScreen.storyboard;
			sourceTree = "<group>";
		};
/* End PBXVariantGroup section */

/* Begin XCBuildConfiguration section */
		8784F25220C6DB6E00EC8CAE /* Debug */ = {
			isa = XCBuildConfiguration;
			buildSettings = {
				ALWAYS_SEARCH_USER_PATHS = NO;
				CLANG_ANALYZER_NONNULL = YES;
				CLANG_ANALYZER_NUMBER_OBJECT_CONVERSION = YES_AGGRESSIVE;
				CLANG_CXX_LANGUAGE_STANDARD = "gnu++14";
				CLANG_CXX_LIBRARY = "libc++";
				CLANG_ENABLE_MODULES = YES;
				CLANG_ENABLE_OBJC_ARC = YES;
				CLANG_WARN_BLOCK_CAPTURE_AUTORELEASING = YES;
				CLANG_WARN_BOOL_CONVERSION = YES;
				CLANG_WARN_COMMA = YES;
				CLANG_WARN_CONSTANT_CONVERSION = YES;
				CLANG_WARN_DIRECT_OBJC_ISA_USAGE = YES_ERROR;
				CLANG_WARN_DOCUMENTATION_COMMENTS = YES;
				CLANG_WARN_EMPTY_BODY = YES;
				CLANG_WARN_ENUM_CONVERSION = YES;
				CLANG_WARN_INFINITE_RECURSION = YES;
				CLANG_WARN_INT_CONVERSION = YES;
				CLANG_WARN_NON_LITERAL_NULL_CONVERSION = YES;
				CLANG_WARN_OBJC_LITERAL_CONVERSION = YES;
				CLANG_WARN_OBJC_ROOT_CLASS = YES_ERROR;
				CLANG_WARN_RANGE_LOOP_ANALYSIS = YES;
				CLANG_WARN_STRICT_PROTOTYPES = YES;
				CLANG_WARN_SUSPICIOUS_MOVE = YES;
				CLANG_WARN_UNGUARDED_AVAILABILITY = YES_AGGRESSIVE;
				CLANG_WARN_UNREACHABLE_CODE = YES;
				CLANG_WARN__DUPLICATE_METHOD_MATCH = YES;
				CODE_SIGN_IDENTITY = "iPhone Developer";
				COPY_PHASE_STRIP = NO;
				DEBUG_INFORMATION_FORMAT = dwarf;
				ENABLE_STRICT_OBJC_MSGSEND = YES;
				ENABLE_TESTABILITY = YES;
				GCC_C_LANGUAGE_STANDARD = gnu11;
				GCC_DYNAMIC_NO_PIC = NO;
				GCC_NO_COMMON_BLOCKS = YES;
				GCC_OPTIMIZATION_LEVEL = 0;
				GCC_PREPROCESSOR_DEFINITIONS = (
					"DEBUG=1",
					"$(inherited)",
				);
				GCC_WARN_64_TO_32_BIT_CONVERSION = YES;
				GCC_WARN_ABOUT_RETURN_TYPE = YES_ERROR;
				GCC_WARN_UNDECLARED_SELECTOR = YES;
				GCC_WARN_UNINITIALIZED_AUTOS = YES_AGGRESSIVE;
				GCC_WARN_UNUSED_FUNCTION = YES;
				GCC_WARN_UNUSED_VARIABLE = YES;
				IPHONEOS_DEPLOYMENT_TARGET = 11.2;
				MTL_ENABLE_DEBUG_INFO = YES;
				ONLY_ACTIVE_ARCH = YES;
				SDKROOT = iphoneos;
				SWIFT_ACTIVE_COMPILATION_CONDITIONS = DEBUG;
				SWIFT_OPTIMIZATION_LEVEL = "-Onone";
			};
			name = Debug;
		};
		8784F25320C6DB6E00EC8CAE /* Release */ = {
			isa = XCBuildConfiguration;
			buildSettings = {
				ALWAYS_SEARCH_USER_PATHS = NO;
				CLANG_ANALYZER_NONNULL = YES;
				CLANG_ANALYZER_NUMBER_OBJECT_CONVERSION = YES_AGGRESSIVE;
				CLANG_CXX_LANGUAGE_STANDARD = "gnu++14";
				CLANG_CXX_LIBRARY = "libc++";
				CLANG_ENABLE_MODULES = YES;
				CLANG_ENABLE_OBJC_ARC = YES;
				CLANG_WARN_BLOCK_CAPTURE_AUTORELEASING = YES;
				CLANG_WARN_BOOL_CONVERSION = YES;
				CLANG_WARN_COMMA = YES;
				CLANG_WARN_CONSTANT_CONVERSION = YES;
				CLANG_WARN_DIRECT_OBJC_ISA_USAGE = YES_ERROR;
				CLANG_WARN_DOCUMENTATION_COMMENTS = YES;
				CLANG_WARN_EMPTY_BODY = YES;
				CLANG_WARN_ENUM_CONVERSION = YES;
				CLANG_WARN_INFINITE_RECURSION = YES;
				CLANG_WARN_INT_CONVERSION = YES;
				CLANG_WARN_NON_LITERAL_NULL_CONVERSION = YES;
				CLANG_WARN_OBJC_LITERAL_CONVERSION = YES;
				CLANG_WARN_OBJC_ROOT_CLASS = YES_ERROR;
				CLANG_WARN_RANGE_LOOP_ANALYSIS = YES;
				CLANG_WARN_STRICT_PROTOTYPES = YES;
				CLANG_WARN_SUSPICIOUS_MOVE = YES;
				CLANG_WARN_UNGUARDED_AVAILABILITY = YES_AGGRESSIVE;
				CLANG_WARN_UNREACHABLE_CODE = YES;
				CLANG_WARN__DUPLICATE_METHOD_MATCH = YES;
				CODE_SIGN_IDENTITY = "iPhone Developer";
				COPY_PHASE_STRIP = NO;
				DEBUG_INFORMATION_FORMAT = "dwarf-with-dsym";
				ENABLE_NS_ASSERTIONS = NO;
				ENABLE_STRICT_OBJC_MSGSEND = YES;
				GCC_C_LANGUAGE_STANDARD = gnu11;
				GCC_NO_COMMON_BLOCKS = YES;
				GCC_WARN_64_TO_32_BIT_CONVERSION = YES;
				GCC_WARN_ABOUT_RETURN_TYPE = YES_ERROR;
				GCC_WARN_UNDECLARED_SELECTOR = YES;
				GCC_WARN_UNINITIALIZED_AUTOS = YES_AGGRESSIVE;
				GCC_WARN_UNUSED_FUNCTION = YES;
				GCC_WARN_UNUSED_VARIABLE = YES;
				IPHONEOS_DEPLOYMENT_TARGET = 11.2;
				MTL_ENABLE_DEBUG_INFO = NO;
				SDKROOT = iphoneos;
				SWIFT_OPTIMIZATION_LEVEL = "-Owholemodule";
				VALIDATE_PRODUCT = YES;
			};
			name = Release;
		};
		8784F25520C6DB6E00EC8CAE /* Debug */ = {
			isa = XCBuildConfiguration;
			baseConfigurationReference = 4313C1BE6E426DDABA43B048 /* Pods-MovieDemo.debug.xcconfig */;
			buildSettings = {
				ASSETCATALOG_COMPILER_APPICON_NAME = AppIcon;
				CODE_SIGN_STYLE = Automatic;
				INFOPLIST_FILE = MovieDemo/Info.plist;
				LD_RUNPATH_SEARCH_PATHS = "$(inherited) @executable_path/Frameworks";
				PRODUCT_BUNDLE_IDENTIFIER = Ritu.MovieDemo;
				PRODUCT_NAME = "$(TARGET_NAME)";
				SWIFT_VERSION = 4.0;
				TARGETED_DEVICE_FAMILY = "1,2";
			};
			name = Debug;
		};
		8784F25620C6DB6E00EC8CAE /* Release */ = {
			isa = XCBuildConfiguration;
			baseConfigurationReference = 8B1F1CF2346BFB22B41F384C /* Pods-MovieDemo.release.xcconfig */;
			buildSettings = {
				ASSETCATALOG_COMPILER_APPICON_NAME = AppIcon;
				CODE_SIGN_STYLE = Automatic;
				INFOPLIST_FILE = MovieDemo/Info.plist;
				LD_RUNPATH_SEARCH_PATHS = "$(inherited) @executable_path/Frameworks";
				PRODUCT_BUNDLE_IDENTIFIER = Ritu.MovieDemo;
				PRODUCT_NAME = "$(TARGET_NAME)";
				SWIFT_VERSION = 4.0;
				TARGETED_DEVICE_FAMILY = "1,2";
			};
			name = Release;
		};
/* End XCBuildConfiguration section */

/* Begin XCConfigurationList section */
		8784F23D20C6DB6E00EC8CAE /* Build configuration list for PBXProject "MovieDemo" */ = {
			isa = XCConfigurationList;
			buildConfigurations = (
				8784F25220C6DB6E00EC8CAE /* Debug */,
				8784F25320C6DB6E00EC8CAE /* Release */,
			);
			defaultConfigurationIsVisible = 0;
			defaultConfigurationName = Release;
		};
		8784F25420C6DB6E00EC8CAE /* Build configuration list for PBXNativeTarget "MovieDemo" */ = {
			isa = XCConfigurationList;
			buildConfigurations = (
				8784F25520C6DB6E00EC8CAE /* Debug */,
				8784F25620C6DB6E00EC8CAE /* Release */,
			);
			defaultConfigurationIsVisible = 0;
			defaultConfigurationName = Release;
		};
/* End XCConfigurationList section */
	};
	rootObject = 8784F23A20C6DB6E00EC8CAE /* Project object */;
}
